
Microsoft Visual Studio Solution File, Format Version 12.00
# Visual Studio Version 16
VisualStudioVersion = 16.0.30104.148
MinimumVisualStudioVersion = 10.0.40219.1
Project("{FAE04EC0-301F-11D3-BF4B-00C04F79EFBC}") = "blazor_crud", "blazor_crud\blazor_crud.csproj", "{756E4B46-EC8A-4856-8140-ACEC316C2D04}"
EndProject
Global
	GlobalSection(SolutionConfigurationPlatforms) = preSolution
		Debug|Any CPU = Debug|Any CPU
		Release|Any CPU = Release|Any CPU
	EndGlobalSection
	GlobalSection(ProjectConfigurationPlatforms) = postSolution
		{756E4B46-EC8A-4856-8140-ACEC316C2D04}.Debug|Any CPU.ActiveCfg = Debug|Any CPU
		{756E4B46-EC8A-4856-8140-ACEC316C2D04}.Debug|Any CPU.Build.0 = Debug|Any CPU
		{756E4B46-EC8A-4856-8140-ACEC316C2D04}.Release|Any CPU.ActiveCfg = Release|Any CPU
		{756E4B46-EC8A-4856-8140-ACEC316C2D04}.Release|Any CPU.Build.0 = Release|Any CPU
	EndGlobalSection
	GlobalSection(SolutionProperties) = preSolution
		HideSolutionNode = FALSE
	EndGlobalSection
	GlobalSection(ExtensibilityGlobals) = postSolution
		SolutionGuid = {78B2D10C-0511-4F53-AF70-E93F301EE025}
	EndGlobalSection
EndGlobal
